// !$*UTF8*$!
{
	archiveVersion = 1;
	classes = {
	};
	objectVersion = 55;
	objects = {

/* Begin PBXBuildFile section */
		B60F0F8DE429631794EA9724 /* APIClient.swift in Sources */ = {isa = PBXBuildFile; fileRef = 7A60EA704B6D9AEACF2DE8D1 /* APIClient.swift */; };
		3668E7EEC709B55359C41C87 /* AppConfig.swift in Sources */ = {isa = PBXBuildFile; fileRef = 1044BBEE82D0765A551641EF /* AppConfig.swift */; };
		69A883A9A9A83ACD875E27FA /* AppState.swift in Sources */ = {isa = PBXBuildFile; fileRef = CEABFA5315AF9F0BF70E4508 /* AppState.swift */; };
		38F4128B5F6B936C8039CB0A /* DayStore.swift in Sources */ = {isa = PBXBuildFile; fileRef = 9EE7736259D21998B3641BC0 /* DayStore.swift */; };
		0641540B8E763EB34AE19A14 /* Models.swift in Sources */ = {isa = PBXBuildFile; fileRef = 12C5B495010AF8943BAF35F8 /* Models.swift */; };
		162EC673E1C225AA710D2314 /* ChalkRing.swift in Sources */ = {isa = PBXBuildFile; fileRef = 244718DB59254BC98C0598C3 /* ChalkRing.swift */; };
		96098ED6E035E821FE2B6B79 /* Components.swift in Sources */ = {isa = PBXBuildFile; fileRef = 48EE26B3D1948FEBF368D844 /* Components.swift */; };
		AEDDFC9C49A351A286CC2163 /* Haptics.swift in Sources */ = {isa = PBXBuildFile; fileRef = E878DACB62782C4D47CB8FCD /* Haptics.swift */; };
		F953BAA2AB8FC729210A3635 /* Palette.swift in Sources */ = {isa = PBXBuildFile; fileRef = C015A6A77453063B3F7E5DA3 /* Palette.swift */; };
		54C1E1B814CBFA3B6E6B78D5 /* Typography.swift in Sources */ = {isa = PBXBuildFile; fileRef = F66E5E3D0099C77370885F2C /* Typography.swift */; };
		C1C62F6B1E420F56CE4C7098 /* DashboardView.swift in Sources */ = {isa = PBXBuildFile; fileRef = A8A37C6C9225A391B0E98693 /* DashboardView.swift */; };
		484F2844FAF44DE1097BD83C /* JournalView.swift in Sources */ = {isa = PBXBuildFile; fileRef = F8009C7AA29C3DB225475C69 /* JournalView.swift */; };
		C4B6CE3A1B433F1396ECFE67 /* LogMealView.swift in Sources */ = {isa = PBXBuildFile; fileRef = 68F676CEA3C39B2331589033 /* LogMealView.swift */; };
		12D2A4B4B80CB437F999F732 /* LoginView.swift in Sources */ = {isa = PBXBuildFile; fileRef = 4FC412BD3308A6AAF315BC0F /* LoginView.swift */; };
		B41AE0105522A58558F6ED79 /* MealDetailView.swift in Sources */ = {isa = PBXBuildFile; fileRef = A17D29406DBA5E2EFDA895E0 /* MealDetailView.swift */; };
		A250ED57BAEEE787ECDD8C2E /* NutritionView.swift in Sources */ = {isa = PBXBuildFile; fileRef = 5B199C37729E085A7213B2A9 /* NutritionView.swift */; };
		91DEA59827DEBCBEA64E1313 /* ProfileView.swift in Sources */ = {isa = PBXBuildFile; fileRef = 7448D55B4E9CD9317126B9DC /* ProfileView.swift */; };
		3346F37E8E72E1529A191DC2 /* RootView.swift in Sources */ = {isa = PBXBuildFile; fileRef = 83AF3D3D879DF9450CBFCA30 /* RootView.swift */; };
		6D40FC7DB7BE061BBD6B6E7F /* KineticaApp.swift in Sources */ = {isa = PBXBuildFile; fileRef = F29C2E1FB0FE81B9C60BCD61 /* KineticaApp.swift */; };
		8CB718FB00B8D8C6C8A5F22B /* Assets.xcassets in Resources */ = {isa = PBXBuildFile; fileRef = B6EAC77A573D6576E71ED89C /* Assets.xcassets */; };
		B17252C7B43EC37D516ED174 /* Fraunces-Medium.ttf in Resources */ = {isa = PBXBuildFile; fileRef = 5CA0CA2A5591EC7EC61B18DA /* Fraunces-Medium.ttf */; };
		E53D2E0C3FD15F11616408A0 /* Fraunces-SemiBold.ttf in Resources */ = {isa = PBXBuildFile; fileRef = 5086AF937ED1D96156B0756E /* Fraunces-SemiBold.ttf */; };
		29BEA413A0B2AD25CDAAE41A /* OFL.txt in Resources */ = {isa = PBXBuildFile; fileRef = B245B784BF74B05D5C5B995C /* OFL.txt */; };
/* End PBXBuildFile section */

/* Begin PBXFileReference section */
		F5BF48AA40CAD7891EB709FC /* Kinetica.app */ = {isa = PBXFileReference; explicitFileType = "wrapper.application"; includeInIndex = 0; path = "Kinetica.app"; sourceTree = BUILT_PRODUCTS_DIR; };
		7A60EA704B6D9AEACF2DE8D1 /* APIClient.swift */ = {isa = PBXFileReference; lastKnownFileType = sourcecode.swift; path = "APIClient.swift"; sourceTree = "<group>"; };
		1044BBEE82D0765A551641EF /* AppConfig.swift */ = {isa = PBXFileReference; lastKnownFileType = sourcecode.swift; path = "AppConfig.swift"; sourceTree = "<group>"; };
		CEABFA5315AF9F0BF70E4508 /* AppState.swift */ = {isa = PBXFileReference; lastKnownFileType = sourcecode.swift; path = "AppState.swift"; sourceTree = "<group>"; };
		9EE7736259D21998B3641BC0 /* DayStore.swift */ = {isa = PBXFileReference; lastKnownFileType = sourcecode.swift; path = "DayStore.swift"; sourceTree = "<group>"; };
		12C5B495010AF8943BAF35F8 /* Models.swift */ = {isa = PBXFileReference; lastKnownFileType = sourcecode.swift; path = "Models.swift"; sourceTree = "<group>"; };
		244718DB59254BC98C0598C3 /* ChalkRing.swift */ = {isa = PBXFileReference; lastKnownFileType = sourcecode.swift; path = "ChalkRing.swift"; sourceTree = "<group>"; };
		48EE26B3D1948FEBF368D844 /* Components.swift */ = {isa = PBXFileReference; lastKnownFileType = sourcecode.swift; path = "Components.swift"; sourceTree = "<group>"; };
		E878DACB62782C4D47CB8FCD /* Haptics.swift */ = {isa = PBXFileReference; lastKnownFileType = sourcecode.swift; path = "Haptics.swift"; sourceTree = "<group>"; };
		C015A6A77453063B3F7E5DA3 /* Palette.swift */ = {isa = PBXFileReference; lastKnownFileType = sourcecode.swift; path = "Palette.swift"; sourceTree = "<group>"; };
		F66E5E3D0099C77370885F2C /* Typography.swift */ = {isa = PBXFileReference; lastKnownFileType = sourcecode.swift; path = "Typography.swift"; sourceTree = "<group>"; };
		A8A37C6C9225A391B0E98693 /* DashboardView.swift */ = {isa = PBXFileReference; lastKnownFileType = sourcecode.swift; path = "DashboardView.swift"; sourceTree = "<group>"; };
		F8009C7AA29C3DB225475C69 /* JournalView.swift */ = {isa = PBXFileReference; lastKnownFileType = sourcecode.swift; path = "JournalView.swift"; sourceTree = "<group>"; };
		68F676CEA3C39B2331589033 /* LogMealView.swift */ = {isa = PBXFileReference; lastKnownFileType = sourcecode.swift; path = "LogMealView.swift"; sourceTree = "<group>"; };
		4FC412BD3308A6AAF315BC0F /* LoginView.swift */ = {isa = PBXFileReference; lastKnownFileType = sourcecode.swift; path = "LoginView.swift"; sourceTree = "<group>"; };
		A17D29406DBA5E2EFDA895E0 /* MealDetailView.swift */ = {isa = PBXFileReference; lastKnownFileType = sourcecode.swift; path = "MealDetailView.swift"; sourceTree = "<group>"; };
		5B199C37729E085A7213B2A9 /* NutritionView.swift */ = {isa = PBXFileReference; lastKnownFileType = sourcecode.swift; path = "NutritionView.swift"; sourceTree = "<group>"; };
		7448D55B4E9CD9317126B9DC /* ProfileView.swift */ = {isa = PBXFileReference; lastKnownFileType = sourcecode.swift; path = "ProfileView.swift"; sourceTree = "<group>"; };
		83AF3D3D879DF9450CBFCA30 /* RootView.swift */ = {isa = PBXFileReference; lastKnownFileType = sourcecode.swift; path = "RootView.swift"; sourceTree = "<group>"; };
		461A5A3F9FDD134BC064B0B7 /* Info.plist */ = {isa = PBXFileReference; lastKnownFileType = text.plist.xml; path = "Info.plist"; sourceTree = "<group>"; };
		F29C2E1FB0FE81B9C60BCD61 /* KineticaApp.swift */ = {isa = PBXFileReference; lastKnownFileType = sourcecode.swift; path = "KineticaApp.swift"; sourceTree = "<group>"; };
		C24C0017E95932DC6BAB9956 /* AppIcon.png */ = {isa = PBXFileReference; lastKnownFileType = image.png; path = "AppIcon.png"; sourceTree = "<group>"; };
		B6EAC77A573D6576E71ED89C /* Assets.xcassets */ = {isa = PBXFileReference; lastKnownFileType = folder.assetcatalog; path = "Assets.xcassets"; sourceTree = "<group>"; };
		5CA0CA2A5591EC7EC61B18DA /* Fraunces-Medium.ttf */ = {isa = PBXFileReference; lastKnownFileType = file; path = "Fraunces-Medium.ttf"; sourceTree = "<group>"; };
		5086AF937ED1D96156B0756E /* Fraunces-SemiBold.ttf */ = {isa = PBXFileReference; lastKnownFileType = file; path = "Fraunces-SemiBold.ttf"; sourceTree = "<group>"; };
		B245B784BF74B05D5C5B995C /* OFL.txt */ = {isa = PBXFileReference; lastKnownFileType = text; path = "OFL.txt"; sourceTree = "<group>"; };
/* End PBXFileReference section */

/* Begin PBXFrameworksBuildPhase section */
		349B578E88FC623128D2018B /* Frameworks */ = {
			isa = PBXFrameworksBuildPhase;
			buildActionMask = 2147483647;
			files = (
			);
			runOnlyForDeploymentPostprocessing = 0;
		};
/* End PBXFrameworksBuildPhase section */

/* Begin PBXGroup section */
		2B731CEFC6751AAE0EC69B98 = {
			isa = PBXGroup;
			children = (
				DC8C41C6880A374C895E2335 /* Kinetica */,
				0A2C978E52A76F0AA9F68BB5 /* Products */,
			);
			sourceTree = "<group>";
		};
		0A2C978E52A76F0AA9F68BB5 /* Products */ = {
			isa = PBXGroup;
			children = (
				F5BF48AA40CAD7891EB709FC /* Kinetica.app */,
			);
			name = Products;
			sourceTree = "<group>";
		};
		DC8C41C6880A374C895E2335 /* Kinetica */ = {
			isa = PBXGroup;
			children = (
				0ADB5386121963586531221C /* Core */,
				2F77371D0D78C170488DB590 /* Design */,
				5DC03ACB53DE45700BB4E9F0 /* Features */,
				461A5A3F9FDD134BC064B0B7 /* Info.plist */,
				F29C2E1FB0FE81B9C60BCD61 /* KineticaApp.swift */,
				5CB925814CB9D325B98F666D /* Resources */,
			);
			path = "Kinetica";
			sourceTree = "<group>";
		};
		0ADB5386121963586531221C /* Core */ = {
			isa = PBXGroup;
			children = (
				7A60EA704B6D9AEACF2DE8D1 /* APIClient.swift */,
				1044BBEE82D0765A551641EF /* AppConfig.swift */,
				CEABFA5315AF9F0BF70E4508 /* AppState.swift */,
				9EE7736259D21998B3641BC0 /* DayStore.swift */,
				12C5B495010AF8943BAF35F8 /* Models.swift */,
			);
			path = "Core";
			sourceTree = "<group>";
		};
		2F77371D0D78C170488DB590 /* Design */ = {
			isa = PBXGroup;
			children = (
				244718DB59254BC98C0598C3 /* ChalkRing.swift */,
				48EE26B3D1948FEBF368D844 /* Components.swift */,
				E878DACB62782C4D47CB8FCD /* Haptics.swift */,
				C015A6A77453063B3F7E5DA3 /* Palette.swift */,
				F66E5E3D0099C77370885F2C /* Typography.swift */,
			);
			path = "Design";
			sourceTree = "<group>";
		};
		5DC03ACB53DE45700BB4E9F0 /* Features */ = {
			isa = PBXGroup;
			children = (
				A8A37C6C9225A391B0E98693 /* DashboardView.swift */,
				F8009C7AA29C3DB225475C69 /* JournalView.swift */,
				68F676CEA3C39B2331589033 /* LogMealView.swift */,
				4FC412BD3308A6AAF315BC0F /* LoginView.swift */,
				A17D29406DBA5E2EFDA895E0 /* MealDetailView.swift */,
				5B199C37729E085A7213B2A9 /* NutritionView.swift */,
				7448D55B4E9CD9317126B9DC /* ProfileView.swift */,
				83AF3D3D879DF9450CBFCA30 /* RootView.swift */,
			);
			path = "Features";
			sourceTree = "<group>";
		};
		5CB925814CB9D325B98F666D /* Resources */ = {
			isa = PBXGroup;
			children = (
				C24C0017E95932DC6BAB9956 /* AppIcon.png */,
				B6EAC77A573D6576E71ED89C /* Assets.xcassets */,
				101E882C5D3030B6D15DA3BB /* Fonts */,
			);
			path = "Resources";
			sourceTree = "<group>";
		};
		101E882C5D3030B6D15DA3BB /* Fonts */ = {
			isa = PBXGroup;
			children = (
				5CA0CA2A5591EC7EC61B18DA /* Fraunces-Medium.ttf */,
				5086AF937ED1D96156B0756E /* Fraunces-SemiBold.ttf */,
				B245B784BF74B05D5C5B995C /* OFL.txt */,
			);
			path = "Fonts";
			sourceTree = "<group>";
		};
/* End PBXGroup section */

/* Begin PBXNativeTarget section */
		42AEFBAE01D2DFD981F7DA7D /* Kinetica */ = {
			isa = PBXNativeTarget;
			buildConfigurationList = 88A9556C78F4D881C352E222 /* Build configuration list for PBXNativeTarget "Kinetica" */;
			buildPhases = (
				F3F3D267CF0FD5307403D537 /* Sources */,
				349B578E88FC623128D2018B /* Frameworks */,
				41B260B1D2A5E0B273280C8E /* Resources */,
			);
			buildRules = (
			);
			dependencies = (
			);
			name = "Kinetica";
			productName = "Kinetica";
			productReference = F5BF48AA40CAD7891EB709FC /* Kinetica.app */;
			productType = "com.apple.product-type.application";
		};
/* End PBXNativeTarget section */

/* Begin PBXProject section */
		46F86FAA6BBF9AC94A7E4595 /* Project object */ = {
			isa = PBXProject;
			attributes = {
				BuildIndependentTargetsInParallel = 1;
				LastSwiftUpdateCheck = 1320;
				LastUpgradeCheck = 1320;
				TargetAttributes = {
					42AEFBAE01D2DFD981F7DA7D = {
						CreatedOnToolsVersion = 13.2.1;
					};
				};
			};
			buildConfigurationList = 887D4B5F61EA6AAAF609F3AC /* Build configuration list for PBXProject "Kinetica" */;
			compatibilityVersion = "Xcode 13.0";
			developmentRegion = en;
			hasScannedForEncodings = 0;
			knownRegions = (
				en,
				Base,
			);
			mainGroup = 2B731CEFC6751AAE0EC69B98;
			productRefGroup = 0A2C978E52A76F0AA9F68BB5 /* Products */;
			projectDirPath = "";
			projectRoot = "";
			targets = (
				42AEFBAE01D2DFD981F7DA7D /* Kinetica */,
			);
		};
/* End PBXProject section */

/* Begin PBXResourcesBuildPhase section */
		41B260B1D2A5E0B273280C8E /* Resources */ = {
			isa = PBXResourcesBuildPhase;
			buildActionMask = 2147483647;
			files = (
				8CB718FB00B8D8C6C8A5F22B /* Assets.xcassets in Resources */,
				B17252C7B43EC37D516ED174 /* Fraunces-Medium.ttf in Resources */,
				E53D2E0C3FD15F11616408A0 /* Fraunces-SemiBold.ttf in Resources */,
				29BEA413A0B2AD25CDAAE41A /* OFL.txt in Resources */,
			);
			runOnlyForDeploymentPostprocessing = 0;
		};
/* End PBXResourcesBuildPhase section */

/* Begin PBXSourcesBuildPhase section */
		F3F3D267CF0FD5307403D537 /* Sources */ = {
			isa = PBXSourcesBuildPhase;
			buildActionMask = 2147483647;
			files = (
				B60F0F8DE429631794EA9724 /* APIClient.swift in Sources */,
				3668E7EEC709B55359C41C87 /* AppConfig.swift in Sources */,
				69A883A9A9A83ACD875E27FA /* AppState.swift in Sources */,
				38F4128B5F6B936C8039CB0A /* DayStore.swift in Sources */,
				0641540B8E763EB34AE19A14 /* Models.swift in Sources */,
				162EC673E1C225AA710D2314 /* ChalkRing.swift in Sources */,
				96098ED6E035E821FE2B6B79 /* Components.swift in Sources */,
				AEDDFC9C49A351A286CC2163 /* Haptics.swift in Sources */,
				F953BAA2AB8FC729210A3635 /* Palette.swift in Sources */,
				54C1E1B814CBFA3B6E6B78D5 /* Typography.swift in Sources */,
				C1C62F6B1E420F56CE4C7098 /* DashboardView.swift in Sources */,
				484F2844FAF44DE1097BD83C /* JournalView.swift in Sources */,
				C4B6CE3A1B433F1396ECFE67 /* LogMealView.swift in Sources */,
				12D2A4B4B80CB437F999F732 /* LoginView.swift in Sources */,
				B41AE0105522A58558F6ED79 /* MealDetailView.swift in Sources */,
				A250ED57BAEEE787ECDD8C2E /* NutritionView.swift in Sources */,
				91DEA59827DEBCBEA64E1313 /* ProfileView.swift in Sources */,
				3346F37E8E72E1529A191DC2 /* RootView.swift in Sources */,
				6D40FC7DB7BE061BBD6B6E7F /* KineticaApp.swift in Sources */,
			);
			runOnlyForDeploymentPostprocessing = 0;
		};
/* End PBXSourcesBuildPhase section */

/* Begin XCBuildConfiguration section */
		320035BF005CD3B654BAA177 /* Debug */ = {
			isa = XCBuildConfiguration;
			buildSettings = {
				ALWAYS_SEARCH_USER_PATHS = NO;
				CLANG_ENABLE_MODULES = YES;
				CLANG_ENABLE_OBJC_ARC = YES;
				COPY_PHASE_STRIP = NO;
				ENABLE_STRICT_OBJC_MSGSEND = YES;
				GCC_C_LANGUAGE_STANDARD = gnu11;
				IPHONEOS_DEPLOYMENT_TARGET = 15.0;
				SDKROOT = iphoneos;
				SWIFT_EMIT_LOC_STRINGS = YES;
				DEBUG_INFORMATION_FORMAT = dwarf;
				ENABLE_TESTABILITY = YES;
				GCC_OPTIMIZATION_LEVEL = 0;
				GCC_PREPROCESSOR_DEFINITIONS = (
					"DEBUG=1",
					"$(inherited)",
				);
				MTL_ENABLE_DEBUG_INFO = INCLUDE_SOURCE;
				ONLY_ACTIVE_ARCH = YES;
				SWIFT_ACTIVE_COMPILATION_CONDITIONS = DEBUG;
				SWIFT_OPTIMIZATION_LEVEL = "-Onone";
			};
			name = Debug;
		};
		784DE0E33BC2C317C9887DEC /* Release */ = {
			isa = XCBuildConfiguration;
			buildSettings = {
				ALWAYS_SEARCH_USER_PATHS = NO;
				CLANG_ENABLE_MODULES = YES;
				CLANG_ENABLE_OBJC_ARC = YES;
				COPY_PHASE_STRIP = NO;
				ENABLE_STRICT_OBJC_MSGSEND = YES;
				GCC_C_LANGUAGE_STANDARD = gnu11;
				IPHONEOS_DEPLOYMENT_TARGET = 15.0;
				SDKROOT = iphoneos;
				SWIFT_EMIT_LOC_STRINGS = YES;
				DEBUG_INFORMATION_FORMAT = "dwarf-with-dsym";
				ENABLE_NS_ASSERTIONS = NO;
				MTL_ENABLE_DEBUG_INFO = NO;
				SWIFT_COMPILATION_MODE = wholemodule;
				SWIFT_OPTIMIZATION_LEVEL = "-O";
				VALIDATE_PRODUCT = YES;
			};
			name = Release;
		};
		1D8DF72C0388A396AB681761 /* Debug */ = {
			isa = XCBuildConfiguration;
			buildSettings = {
				ASSETCATALOG_COMPILER_APPICON_NAME = AppIcon;
				ASSETCATALOG_COMPILER_GLOBAL_ACCENT_COLOR_NAME = AccentColor;
				CODE_SIGN_STYLE = Automatic;
				CURRENT_PROJECT_VERSION = 1;
				DEVELOPMENT_TEAM = "";
				ENABLE_PREVIEWS = YES;
				GENERATE_INFOPLIST_FILE = NO;
				INFOPLIST_FILE = "Kinetica/Info.plist";
				LD_RUNPATH_SEARCH_PATHS = (
					"$(inherited)",
					"@executable_path/Frameworks",
				);
				MARKETING_VERSION = 1.0;
				PRODUCT_BUNDLE_IDENTIFIER = "com.damonj.kinetica";
				PRODUCT_NAME = "$(TARGET_NAME)";
				SWIFT_EMIT_LOC_STRINGS = YES;
				SWIFT_VERSION = 5.5;
				TARGETED_DEVICE_FAMILY = 1;
			};
			name = Debug;
		};
		A1FE31117CC8AA726DB1B39B /* Release */ = {
			isa = XCBuildConfiguration;
			buildSettings = {
				ASSETCATALOG_COMPILER_APPICON_NAME = AppIcon;
				ASSETCATALOG_COMPILER_GLOBAL_ACCENT_COLOR_NAME = AccentColor;
				CODE_SIGN_STYLE = Automatic;
				CURRENT_PROJECT_VERSION = 1;
				DEVELOPMENT_TEAM = "";
				ENABLE_PREVIEWS = YES;
				GENERATE_INFOPLIST_FILE = NO;
				INFOPLIST_FILE = "Kinetica/Info.plist";
				LD_RUNPATH_SEARCH_PATHS = (
					"$(inherited)",
					"@executable_path/Frameworks",
				);
				MARKETING_VERSION = 1.0;
				PRODUCT_BUNDLE_IDENTIFIER = "com.damonj.kinetica";
				PRODUCT_NAME = "$(TARGET_NAME)";
				SWIFT_EMIT_LOC_STRINGS = YES;
				SWIFT_VERSION = 5.5;
				TARGETED_DEVICE_FAMILY = 1;
			};
			name = Release;
		};
/* End XCBuildConfiguration section */

/* Begin XCConfigurationList section */
		887D4B5F61EA6AAAF609F3AC /* Build configuration list for PBXProject "Kinetica" */ = {
			isa = XCConfigurationList;
			buildConfigurations = (
				320035BF005CD3B654BAA177 /* Debug */,
				784DE0E33BC2C317C9887DEC /* Release */,
			);
			defaultConfigurationIsVisible = 0;
			defaultConfigurationName = Release;
		};
		88A9556C78F4D881C352E222 /* Build configuration list for PBXNativeTarget "Kinetica" */ = {
			isa = XCConfigurationList;
			buildConfigurations = (
				1D8DF72C0388A396AB681761 /* Debug */,
				A1FE31117CC8AA726DB1B39B /* Release */,
			);
			defaultConfigurationIsVisible = 0;
			defaultConfigurationName = Release;
		};
/* End XCConfigurationList section */
	};
	rootObject = 46F86FAA6BBF9AC94A7E4595 /* Project object */;
}
